
Microsoft Visual Studio Solution File, Format Version 12.00
# Visual Studio 14
VisualStudioVersion = 14.0.25123.0
MinimumVisualStudioVersion = 10.0.40219.1
Project("{FAE04EC0-301F-11D3-BF4B-00C04F79EFBC}") = "WebShop.Domain", "WebShop.Domain\WebShop.Domain.csproj", "{ABD737D2-F593-43D1-B3F9-4000CE4CB3BE}"
EndProject
Project("{FAE04EC0-301F-11D3-BF4B-00C04F79EFBC}") = "WebShop.Infrastructure", "WebShop.Infrastructure\WebShop.Infrastructure.csproj", "{D44F8443-E956-4BB4-AB37-AB49E9DF214E}"
EndProject
Project("{FAE04EC0-301F-11D3-BF4B-00C04F79EFBC}") = "WebShop.Web", "WebShop.Web\WebShop.Web.csproj", "{BBA71CC5-0673-4442-969C-0A27F9CEC563}"
EndProject
Project("{FAE04EC0-301F-11D3-BF4B-00C04F79EFBC}") = "WebShop.Tests.Unit", "WebShop.Tests.Unit\WebShop.Tests.Unit.csproj", "{F763FF91-8826-492E-B80B-7B03574BF651}"
EndProject
Project("{FAE04EC0-301F-11D3-BF4B-00C04F79EFBC}") = "WebShop.Tests.Integrated", "WebShop.Tests.Integrated\WebShop.Tests.Integrated.csproj", "{AE625557-7A68-48CA-9EA8-A66F4688A032}"
EndProject
Global
	GlobalSection(SolutionConfigurationPlatforms) = preSolution
		Debug|Any CPU = Debug|Any CPU
		Release|Any CPU = Release|Any CPU
	EndGlobalSection
	GlobalSection(ProjectConfigurationPlatforms) = postSolution
		{ABD737D2-F593-43D1-B3F9-4000CE4CB3BE}.Debug|Any CPU.ActiveCfg = Debug|Any CPU
		{ABD737D2-F593-43D1-B3F9-4000CE4CB3BE}.Debug|Any CPU.Build.0 = Debug|Any CPU
		{ABD737D2-F593-43D1-B3F9-4000CE4CB3BE}.Release|Any CPU.ActiveCfg = Release|Any CPU
		{ABD737D2-F593-43D1-B3F9-4000CE4CB3BE}.Release|Any CPU.Build.0 = Release|Any CPU
		{D44F8443-E956-4BB4-AB37-AB49E9DF214E}.Debug|Any CPU.ActiveCfg = Debug|Any CPU
		{D44F8443-E956-4BB4-AB37-AB49E9DF214E}.Debug|Any CPU.Build.0 = Debug|Any CPU
		{D44F8443-E956-4BB4-AB37-AB49E9DF214E}.Release|Any CPU.ActiveCfg = Release|Any CPU
		{D44F8443-E956-4BB4-AB37-AB49E9DF214E}.Release|Any CPU.Build.0 = Release|Any CPU
		{BBA71CC5-0673-4442-969C-0A27F9CEC563}.Debug|Any CPU.ActiveCfg = Debug|Any CPU
		{BBA71CC5-0673-4442-969C-0A27F9CEC563}.Debug|Any CPU.Build.0 = Debug|Any CPU
		{BBA71CC5-0673-4442-969C-0A27F9CEC563}.Release|Any CPU.ActiveCfg = Release|Any CPU
		{BBA71CC5-0673-4442-969C-0A27F9CEC563}.Release|Any CPU.Build.0 = Release|Any CPU
		{F763FF91-8826-492E-B80B-7B03574BF651}.Debug|Any CPU.ActiveCfg = Debug|Any CPU
		{F763FF91-8826-492E-B80B-7B03574BF651}.Debug|Any CPU.Build.0 = Debug|Any CPU
		{F763FF91-8826-492E-B80B-7B03574BF651}.Release|Any CPU.ActiveCfg = Release|Any CPU
		{F763FF91-8826-492E-B80B-7B03574BF651}.Release|Any CPU.Build.0 = Release|Any CPU
		{AE625557-7A68-48CA-9EA8-A66F4688A032}.Debug|Any CPU.ActiveCfg = Debug|Any CPU
		{AE625557-7A68-48CA-9EA8-A66F4688A032}.Debug|Any CPU.Build.0 = Debug|Any CPU
		{AE625557-7A68-48CA-9EA8-A66F4688A032}.Release|Any CPU.ActiveCfg = Release|Any CPU
		{AE625557-7A68-48CA-9EA8-A66F4688A032}.Release|Any CPU.Build.0 = Release|Any CPU
	EndGlobalSection
	GlobalSection(SolutionProperties) = preSolution
		HideSolutionNode = FALSE
	EndGlobalSection
EndGlobal
